
Microsoft Visual Studio Solution File, Format Version 12.00
# Visual Studio Version 16
VisualStudioVersion = 16.0.31702.278
MinimumVisualStudioVersion = 10.0.40219.1
Project("{FAE04EC0-301F-11D3-BF4B-00C04F79EFBC}") = "Cobra", "Cobra\Cobra.csproj", "{5A421E0A-EBCE-4829-BFFC-89644BAC6FFC}"
EndProject
Global
	GlobalSection(SolutionConfigurationPlatforms) = preSolution
		Debug|Any CPU = Debug|Any CPU
		Release|Any CPU = Release|Any CPU
	EndGlobalSection
	GlobalSection(ProjectConfigurationPlatforms) = postSolution
		{5A421E0A-EBCE-4829-BFFC-89644BAC6FFC}.Debug|Any CPU.ActiveCfg = Debug|Any CPU
		{5A421E0A-EBCE-4829-BFFC-89644BAC6FFC}.Debug|Any CPU.Build.0 = Debug|Any CPU
		{5A421E0A-EBCE-4829-BFFC-89644BAC6FFC}.Release|Any CPU.ActiveCfg = Release|Any CPU
		{5A421E0A-EBCE-4829-BFFC-89644BAC6FFC}.Release|Any CPU.Build.0 = Release|Any CPU
	EndGlobalSection
	GlobalSection(SolutionProperties) = preSolution
		HideSolutionNode = FALSE
	EndGlobalSection
	GlobalSection(ExtensibilityGlobals) = postSolution
		SolutionGuid = {59BC549C-8413-48D7-9488-AD2D6F66BA3A}
	EndGlobalSection
EndGlobal
